
Microsoft Visual Studio Solution File, Format Version 12.00
# Visual Studio 15
VisualStudioVersion = 15.0.26228.4
MinimumVisualStudioVersion = 10.0.40219.1
Project("{FAE04EC0-301F-11D3-BF4B-00C04F79EFBC}") = "Reflection.Shell", "Reflection.Shell\Reflection.Shell.csproj", "{B535CA0E-AB9F-430D-861D-02A412E6F511}"
	ProjectSection(ProjectDependencies) = postProject
		{5AFDB80E-08AE-4BC9-A39A-B98B72F0A73F} = {5AFDB80E-08AE-4BC9-A39A-B98B72F0A73F}
		{BA1CB555-2D93-444D-8B0F-B3D30052B2D1} = {BA1CB555-2D93-444D-8B0F-B3D30052B2D1}
		{1B595967-4770-4CF1-98C6-7FDC0E550083} = {1B595967-4770-4CF1-98C6-7FDC0E550083}
		{267AEB8B-04D4-4600-944A-62F884906B2B} = {267AEB8B-04D4-4600-944A-62F884906B2B}
		{C067AFE6-231A-4B00-873E-D3CE9EC8B189} = {C067AFE6-231A-4B00-873E-D3CE9EC8B189}
	EndProjectSection
EndProject
Project("{FAE04EC0-301F-11D3-BF4B-00C04F79EFBC}") = "Reflection.Presentation.Core", "Reflection.Presentation.Core\Reflection.Presentation.Core.csproj", "{D935B43B-2B5A-4611-B18B-5A414B2988CC}"
EndProject
Project("{FAE04EC0-301F-11D3-BF4B-00C04F79EFBC}") = "Reflection.Presentation.Windows", "Reflection.Presentation.Windows\Reflection.Presentation.Windows.csproj", "{DB77CEB1-1753-4A11-AB57-C0F33E081A96}"
EndProject
Project("{FAE04EC0-301F-11D3-BF4B-00C04F79EFBC}") = "Reflection.Extensions.Windows", "Reflection.Extensions.Windows\Reflection.Extensions.Windows.csproj", "{FFF2AF6A-3D70-4DE1-BC02-DCA004C78CA1}"
EndProject
Project("{FAE04EC0-301F-11D3-BF4B-00C04F79EFBC}") = "Reflection.Extensions", "Reflection.Extensions\Reflection.Extensions.csproj", "{42816BA4-DD90-43C7-84FE-62654C233279}"
EndProject
Project("{FAE04EC0-301F-11D3-BF4B-00C04F79EFBC}") = "Reflection.Presentation.DragAndDrop", "Reflection.Presentation.DragAndDrop\Reflection.Presentation.DragAndDrop.csproj", "{0AE1064B-E715-4130-BD8D-C077AABF7C1F}"
EndProject
Project("{FAE04EC0-301F-11D3-BF4B-00C04F79EFBC}") = "Reflection.Presentation.Common", "Reflection.Presentation.Common\Reflection.Presentation.Common.csproj", "{6DF4D8A5-4D74-431F-A0EC-4A005D309369}"
EndProject
Project("{FAE04EC0-301F-11D3-BF4B-00C04F79EFBC}") = "Reflection.Modules.Navigation", "Reflection.Modules.Navigation\Reflection.Modules.Navigation.csproj", "{DFA9EDFB-0CAA-4894-93E9-E0BD8320A21D}"
EndProject
Project("{FAE04EC0-301F-11D3-BF4B-00C04F79EFBC}") = "Reflection.Configuration", "Reflection.Configuration\Reflection.Configuration.csproj", "{7F19031F-89A3-4855-8D3D-BECEC49A7F93}"
EndProject
Project("{FAE04EC0-301F-11D3-BF4B-00C04F79EFBC}") = "Reflection.Presentation.Controls", "Reflection.Presentation.Controls\Reflection.Presentation.Controls.csproj", "{335F3DA6-115E-4419-AF06-64C13A00C24C}"
EndProject
Project("{FAE04EC0-301F-11D3-BF4B-00C04F79EFBC}") = "Reflection.Presentation.Widgets", "Reflection.Presentation.Widgets\Reflection.Presentation.Widgets.csproj", "{C9B88089-4BE7-451A-AB70-317749848178}"
EndProject
Project("{FAE04EC0-301F-11D3-BF4B-00C04F79EFBC}") = "Reflection.Presentation.Services", "Reflection.Presentation.Services\Reflection.Presentation.Services.csproj", "{116EDBFC-47ED-416F-9B79-62091F409DBE}"
EndProject
Project("{FAE04EC0-301F-11D3-BF4B-00C04F79EFBC}") = "Reflection.Modules.Administration", "Reflection.Modules.Administration\Reflection.Modules.Administration.csproj", "{FE101259-7AD2-46BE-BBCF-BFA5036C54E0}"
EndProject
Project("{FAE04EC0-301F-11D3-BF4B-00C04F79EFBC}") = "Reflection.WebServices.Gateway", "Reflection.WebServices.Gateway\Reflection.WebServices.Gateway.csproj", "{F1399938-0C11-4891-9134-ADFE6063692A}"
EndProject
Project("{FAE04EC0-301F-11D3-BF4B-00C04F79EFBC}") = "Reflection.Modules.CustomerRelation", "Reflection.Modules.CustomerRelation\Reflection.Modules.CustomerRelation.csproj", "{E8DD1C07-6804-49AC-BA7C-0D00675B5ECE}"
EndProject
Project("{FAE04EC0-301F-11D3-BF4B-00C04F79EFBC}") = "Reflection.BusinessEntity", "Reflection.BusinessEntity\Reflection.BusinessEntity.csproj", "{D9201BB3-DF3A-46AA-B0EC-8DC87966905C}"
EndProject
Project("{FAE04EC0-301F-11D3-BF4B-00C04F79EFBC}") = "Reflection.ReportingServices", "Reflection.ReportingServices\Reflection.ReportingServices.csproj", "{548CBDFA-684A-4E09-AC31-16D76D271B27}"
EndProject
Project("{FAE04EC0-301F-11D3-BF4B-00C04F79EFBC}") = "Reflection.Apps.Store", "Reflection.Apps.Store\Reflection.Apps.Store.csproj", "{72B011FC-A41D-4B15-BD9F-164A370797F9}"
EndProject
Project("{FAE04EC0-301F-11D3-BF4B-00C04F79EFBC}") = "Reflection.Modules.SCM", "Reflection.Modules.SCM\Reflection.Modules.SCM.csproj", "{91C8D6CC-ED84-4582-9B63-3FF06B6BC1BA}"
EndProject
Project("{FAE04EC0-301F-11D3-BF4B-00C04F79EFBC}") = "Reflection.Modules.Production", "Reflection.Modules.Production\Reflection.Modules.Production.csproj", "{C067AFE6-231A-4B00-873E-D3CE9EC8B189}"
EndProject
Project("{FAE04EC0-301F-11D3-BF4B-00C04F79EFBC}") = "Reflection.Modules.Procurement", "Reflection.Modules.Procurement\Reflection.Modules.Procurement.csproj", "{3294719C-3184-4699-BB04-BBD830EDDA66}"
EndProject
Project("{FAE04EC0-301F-11D3-BF4B-00C04F79EFBC}") = "Reflection.Module.Project", "Reflection.Module.Project\Reflection.Module.Project.csproj", "{4FB802EF-A9E8-4D47-97DD-D487E3FA2ACD}"
EndProject
Project("{FAE04EC0-301F-11D3-BF4B-00C04F79EFBC}") = "Reflection.Modules.Finance", "Reflection.Modules.Finance\Reflection.Modules.Finance.csproj", "{7D198179-9115-445F-BA40-189137122B8F}"
EndProject
Project("{FAE04EC0-301F-11D3-BF4B-00C04F79EFBC}") = "Reflection.Modules.HRMS", "Reflection.Modules.HRMS\Reflection.Modules.HRMS.csproj", "{BA1CB555-2D93-444D-8B0F-B3D30052B2D1}"
EndProject
Project("{FAE04EC0-301F-11D3-BF4B-00C04F79EFBC}") = "Reflection.Modules.BI", "Reflection.Modules.BI\Reflection.Modules.BI.csproj", "{1B595967-4770-4CF1-98C6-7FDC0E550083}"
EndProject
Project("{FAE04EC0-301F-11D3-BF4B-00C04F79EFBC}") = "Reflection.Modules.Maintenance", "Reflection.Modules.Maintenance\Reflection.Modules.Maintenance.csproj", "{5AFDB80E-08AE-4BC9-A39A-B98B72F0A73F}"
EndProject
Project("{FAE04EC0-301F-11D3-BF4B-00C04F79EFBC}") = "Reflection.Modules.RSystem", "Reflection.Modules.RSystem\Reflection.Modules.RSystem.csproj", "{267AEB8B-04D4-4600-944A-62F884906B2B}"
EndProject
Project("{FAE04EC0-301F-11D3-BF4B-00C04F79EFBC}") = "Reflection.Modules.Settings", "Reflection.Modules.Settings\Reflection.Modules.Settings.csproj", "{A434F05E-0921-48A6-9551-17BC80129633}"
EndProject
Project("{FAE04EC0-301F-11D3-BF4B-00C04F79EFBC}") = "Reflection.Modules.QMS", "Reflection.Modules.QMS\Reflection.Modules.QMS.csproj", "{3372170D-5655-45DF-9BD2-188593C1B814}"
EndProject
Project("{FAE04EC0-301F-11D3-BF4B-00C04F79EFBC}") = "Reflection.Presentation.ViewModel", "Reflection.Presentation.ViewModel\Reflection.Presentation.ViewModel.csproj", "{3E1C002D-AAC5-40C2-BAFC-64EE767E38AB}"
EndProject
Project("{FAE04EC0-301F-11D3-BF4B-00C04F79EFBC}") = "Reflection.Presentation.Resources", "Reflection.Presentation.ResourcesData\Reflection.Presentation.Resources.csproj", "{34153654-A4B4-4EB5-A666-6F9BEB0C1778}"
EndProject
Project("{FAE04EC0-301F-11D3-BF4B-00C04F79EFBC}") = "Reflection.Modules.VMS", "Reflection.Modules.VMS\Reflection.Modules.VMS.csproj", "{F139EF50-9924-44F8-953A-6ED676F48A34}"
EndProject
Global
	GlobalSection(SolutionConfigurationPlatforms) = preSolution
		Debug|Any CPU = Debug|Any CPU
		Debug|ARM = Debug|ARM
		Debug|x64 = Debug|x64
		Debug|x86 = Debug|x86
		Release|Any CPU = Release|Any CPU
		Release|ARM = Release|ARM
		Release|x64 = Release|x64
		Release|x86 = Release|x86
	EndGlobalSection
	GlobalSection(ProjectConfigurationPlatforms) = postSolution
		{B535CA0E-AB9F-430D-861D-02A412E6F511}.Debug|Any CPU.ActiveCfg = Debug|Any CPU
		{B535CA0E-AB9F-430D-861D-02A412E6F511}.Debug|Any CPU.Build.0 = Debug|Any CPU
		{B535CA0E-AB9F-430D-861D-02A412E6F511}.Debug|ARM.ActiveCfg = Debug|Any CPU
		{B535CA0E-AB9F-430D-861D-02A412E6F511}.Debug|x64.ActiveCfg = Debug|Any CPU
		{B535CA0E-AB9F-430D-861D-02A412E6F511}.Debug|x86.ActiveCfg = Debug|Any CPU
		{B535CA0E-AB9F-430D-861D-02A412E6F511}.Release|Any CPU.ActiveCfg = Release|Any CPU
		{B535CA0E-AB9F-430D-861D-02A412E6F511}.Release|Any CPU.Build.0 = Release|Any CPU
		{B535CA0E-AB9F-430D-861D-02A412E6F511}.Release|ARM.ActiveCfg = Release|Any CPU
		{B535CA0E-AB9F-430D-861D-02A412E6F511}.Release|x64.ActiveCfg = Release|Any CPU
		{B535CA0E-AB9F-430D-861D-02A412E6F511}.Release|x86.ActiveCfg = Release|Any CPU
		{D935B43B-2B5A-4611-B18B-5A414B2988CC}.Debug|Any CPU.ActiveCfg = Debug|Any CPU
		{D935B43B-2B5A-4611-B18B-5A414B2988CC}.Debug|Any CPU.Build.0 = Debug|Any CPU
		{D935B43B-2B5A-4611-B18B-5A414B2988CC}.Debug|ARM.ActiveCfg = Debug|Any CPU
		{D935B43B-2B5A-4611-B18B-5A414B2988CC}.Debug|x64.ActiveCfg = Debug|Any CPU
		{D935B43B-2B5A-4611-B18B-5A414B2988CC}.Debug|x86.ActiveCfg = Debug|Any CPU
		{D935B43B-2B5A-4611-B18B-5A414B2988CC}.Release|Any CPU.ActiveCfg = Release|Any CPU
		{D935B43B-2B5A-4611-B18B-5A414B2988CC}.Release|Any CPU.Build.0 = Release|Any CPU
		{D935B43B-2B5A-4611-B18B-5A414B2988CC}.Release|ARM.ActiveCfg = Release|Any CPU
		{D935B43B-2B5A-4611-B18B-5A414B2988CC}.Release|x64.ActiveCfg = Release|Any CPU
		{D935B43B-2B5A-4611-B18B-5A414B2988CC}.Release|x86.ActiveCfg = Release|Any CPU
		{DB77CEB1-1753-4A11-AB57-C0F33E081A96}.Debug|Any CPU.ActiveCfg = Debug|Any CPU
		{DB77CEB1-1753-4A11-AB57-C0F33E081A96}.Debug|Any CPU.Build.0 = Debug|Any CPU
		{DB77CEB1-1753-4A11-AB57-C0F33E081A96}.Debug|ARM.ActiveCfg = Debug|Any CPU
		{DB77CEB1-1753-4A11-AB57-C0F33E081A96}.Debug|x64.ActiveCfg = Debug|Any CPU
		{DB77CEB1-1753-4A11-AB57-C0F33E081A96}.Debug|x86.ActiveCfg = Debug|Any CPU
		{DB77CEB1-1753-4A11-AB57-C0F33E081A96}.Release|Any CPU.ActiveCfg = Release|Any CPU
		{DB77CEB1-1753-4A11-AB57-C0F33E081A96}.Release|Any CPU.Build.0 = Release|Any CPU
		{DB77CEB1-1753-4A11-AB57-C0F33E081A96}.Release|ARM.ActiveCfg = Release|Any CPU
		{DB77CEB1-1753-4A11-AB57-C0F33E081A96}.Release|x64.ActiveCfg = Release|Any CPU
		{DB77CEB1-1753-4A11-AB57-C0F33E081A96}.Release|x86.ActiveCfg = Release|Any CPU
		{FFF2AF6A-3D70-4DE1-BC02-DCA004C78CA1}.Debug|Any CPU.ActiveCfg = Debug|Any CPU
		{FFF2AF6A-3D70-4DE1-BC02-DCA004C78CA1}.Debug|Any CPU.Build.0 = Debug|Any CPU
		{FFF2AF6A-3D70-4DE1-BC02-DCA004C78CA1}.Debug|ARM.ActiveCfg = Debug|Any CPU
		{FFF2AF6A-3D70-4DE1-BC02-DCA004C78CA1}.Debug|x64.ActiveCfg = Debug|Any CPU
		{FFF2AF6A-3D70-4DE1-BC02-DCA004C78CA1}.Debug|x86.ActiveCfg = Debug|Any CPU
		{FFF2AF6A-3D70-4DE1-BC02-DCA004C78CA1}.Release|Any CPU.ActiveCfg = Release|Any CPU
		{FFF2AF6A-3D70-4DE1-BC02-DCA004C78CA1}.Release|Any CPU.Build.0 = Release|Any CPU
		{FFF2AF6A-3D70-4DE1-BC02-DCA004C78CA1}.Release|ARM.ActiveCfg = Release|Any CPU
		{FFF2AF6A-3D70-4DE1-BC02-DCA004C78CA1}.Release|x64.ActiveCfg = Release|Any CPU
		{FFF2AF6A-3D70-4DE1-BC02-DCA004C78CA1}.Release|x86.ActiveCfg = Release|Any CPU
		{42816BA4-DD90-43C7-84FE-62654C233279}.Debug|Any CPU.ActiveCfg = Debug|Any CPU
		{42816BA4-DD90-43C7-84FE-62654C233279}.Debug|Any CPU.Build.0 = Debug|Any CPU
		{42816BA4-DD90-43C7-84FE-62654C233279}.Debug|ARM.ActiveCfg = Debug|Any CPU
		{42816BA4-DD90-43C7-84FE-62654C233279}.Debug|x64.ActiveCfg = Debug|Any CPU
		{42816BA4-DD90-43C7-84FE-62654C233279}.Debug|x86.ActiveCfg = Debug|Any CPU
		{42816BA4-DD90-43C7-84FE-62654C233279}.Release|Any CPU.ActiveCfg = Release|Any CPU
		{42816BA4-DD90-43C7-84FE-62654C233279}.Release|Any CPU.Build.0 = Release|Any CPU
		{42816BA4-DD90-43C7-84FE-62654C233279}.Release|ARM.ActiveCfg = Release|Any CPU
		{42816BA4-DD90-43C7-84FE-62654C233279}.Release|x64.ActiveCfg = Release|Any CPU
		{42816BA4-DD90-43C7-84FE-62654C233279}.Release|x86.ActiveCfg = Release|Any CPU
		{0AE1064B-E715-4130-BD8D-C077AABF7C1F}.Debug|Any CPU.ActiveCfg = Debug|Any CPU
		{0AE1064B-E715-4130-BD8D-C077AABF7C1F}.Debug|Any CPU.Build.0 = Debug|Any CPU
		{0AE1064B-E715-4130-BD8D-C077AABF7C1F}.Debug|ARM.ActiveCfg = Debug|Any CPU
		{0AE1064B-E715-4130-BD8D-C077AABF7C1F}.Debug|x64.ActiveCfg = Debug|Any CPU
		{0AE1064B-E715-4130-BD8D-C077AABF7C1F}.Debug|x86.ActiveCfg = Debug|Any CPU
		{0AE1064B-E715-4130-BD8D-C077AABF7C1F}.Release|Any CPU.ActiveCfg = Release|Any CPU
		{0AE1064B-E715-4130-BD8D-C077AABF7C1F}.Release|Any CPU.Build.0 = Release|Any CPU
		{0AE1064B-E715-4130-BD8D-C077AABF7C1F}.Release|ARM.ActiveCfg = Release|Any CPU
		{0AE1064B-E715-4130-BD8D-C077AABF7C1F}.Release|x64.ActiveCfg = Release|Any CPU
		{0AE1064B-E715-4130-BD8D-C077AABF7C1F}.Release|x86.ActiveCfg = Release|Any CPU
		{6DF4D8A5-4D74-431F-A0EC-4A005D309369}.Debug|Any CPU.ActiveCfg = Debug|Any CPU
		{6DF4D8A5-4D74-431F-A0EC-4A005D309369}.Debug|Any CPU.Build.0 = Debug|Any CPU
		{6DF4D8A5-4D74-431F-A0EC-4A005D309369}.Debug|ARM.ActiveCfg = Debug|Any CPU
		{6DF4D8A5-4D74-431F-A0EC-4A005D309369}.Debug|x64.ActiveCfg = Debug|Any CPU
		{6DF4D8A5-4D74-431F-A0EC-4A005D309369}.Debug|x86.ActiveCfg = Debug|Any CPU
		{6DF4D8A5-4D74-431F-A0EC-4A005D309369}.Release|Any CPU.ActiveCfg = Release|Any CPU
		{6DF4D8A5-4D74-431F-A0EC-4A005D309369}.Release|Any CPU.Build.0 = Release|Any CPU
		{6DF4D8A5-4D74-431F-A0EC-4A005D309369}.Release|ARM.ActiveCfg = Release|Any CPU
		{6DF4D8A5-4D74-431F-A0EC-4A005D309369}.Release|x64.ActiveCfg = Release|Any CPU
		{6DF4D8A5-4D74-431F-A0EC-4A005D309369}.Release|x86.ActiveCfg = Release|Any CPU
		{DFA9EDFB-0CAA-4894-93E9-E0BD8320A21D}.Debug|Any CPU.ActiveCfg = Debug|Any CPU
		{DFA9EDFB-0CAA-4894-93E9-E0BD8320A21D}.Debug|Any CPU.Build.0 = Debug|Any CPU
		{DFA9EDFB-0CAA-4894-93E9-E0BD8320A21D}.Debug|ARM.ActiveCfg = Debug|Any CPU
		{DFA9EDFB-0CAA-4894-93E9-E0BD8320A21D}.Debug|x64.ActiveCfg = Debug|Any CPU
		{DFA9EDFB-0CAA-4894-93E9-E0BD8320A21D}.Debug|x86.ActiveCfg = Debug|Any CPU
		{DFA9EDFB-0CAA-4894-93E9-E0BD8320A21D}.Release|Any CPU.ActiveCfg = Release|Any CPU
		{DFA9EDFB-0CAA-4894-93E9-E0BD8320A21D}.Release|Any CPU.Build.0 = Release|Any CPU
		{DFA9EDFB-0CAA-4894-93E9-E0BD8320A21D}.Release|ARM.ActiveCfg = Release|Any CPU
		{DFA9EDFB-0CAA-4894-93E9-E0BD8320A21D}.Release|x64.ActiveCfg = Release|Any CPU
		{DFA9EDFB-0CAA-4894-93E9-E0BD8320A21D}.Release|x86.ActiveCfg = Release|Any CPU
		{7F19031F-89A3-4855-8D3D-BECEC49A7F93}.Debug|Any CPU.ActiveCfg = Debug|Any CPU
		{7F19031F-89A3-4855-8D3D-BECEC49A7F93}.Debug|Any CPU.Build.0 = Debug|Any CPU
		{7F19031F-89A3-4855-8D3D-BECEC49A7F93}.Debug|ARM.ActiveCfg = Debug|Any CPU
		{7F19031F-89A3-4855-8D3D-BECEC49A7F93}.Debug|x64.ActiveCfg = Debug|Any CPU
		{7F19031F-89A3-4855-8D3D-BECEC49A7F93}.Debug|x86.ActiveCfg = Debug|Any CPU
		{7F19031F-89A3-4855-8D3D-BECEC49A7F93}.Release|Any CPU.ActiveCfg = Release|Any CPU
		{7F19031F-89A3-4855-8D3D-BECEC49A7F93}.Release|Any CPU.Build.0 = Release|Any CPU
		{7F19031F-89A3-4855-8D3D-BECEC49A7F93}.Release|ARM.ActiveCfg = Release|Any CPU
		{7F19031F-89A3-4855-8D3D-BECEC49A7F93}.Release|x64.ActiveCfg = Release|Any CPU
		{7F19031F-89A3-4855-8D3D-BECEC49A7F93}.Release|x86.ActiveCfg = Release|Any CPU
		{335F3DA6-115E-4419-AF06-64C13A00C24C}.Debug|Any CPU.ActiveCfg = Debug|Any CPU
		{335F3DA6-115E-4419-AF06-64C13A00C24C}.Debug|Any CPU.Build.0 = Debug|Any CPU
		{335F3DA6-115E-4419-AF06-64C13A00C24C}.Debug|ARM.ActiveCfg = Debug|Any CPU
		{335F3DA6-115E-4419-AF06-64C13A00C24C}.Debug|x64.ActiveCfg = Debug|Any CPU
		{335F3DA6-115E-4419-AF06-64C13A00C24C}.Debug|x86.ActiveCfg = Debug|Any CPU
		{335F3DA6-115E-4419-AF06-64C13A00C24C}.Release|Any CPU.ActiveCfg = Release|Any CPU
		{335F3DA6-115E-4419-AF06-64C13A00C24C}.Release|Any CPU.Build.0 = Release|Any CPU
		{335F3DA6-115E-4419-AF06-64C13A00C24C}.Release|ARM.ActiveCfg = Release|Any CPU
		{335F3DA6-115E-4419-AF06-64C13A00C24C}.Release|x64.ActiveCfg = Release|Any CPU
		{335F3DA6-115E-4419-AF06-64C13A00C24C}.Release|x86.ActiveCfg = Release|Any CPU
		{C9B88089-4BE7-451A-AB70-317749848178}.Debug|Any CPU.ActiveCfg = Debug|Any CPU
		{C9B88089-4BE7-451A-AB70-317749848178}.Debug|Any CPU.Build.0 = Debug|Any CPU
		{C9B88089-4BE7-451A-AB70-317749848178}.Debug|ARM.ActiveCfg = Debug|Any CPU
		{C9B88089-4BE7-451A-AB70-317749848178}.Debug|x64.ActiveCfg = Debug|Any CPU
		{C9B88089-4BE7-451A-AB70-317749848178}.Debug|x86.ActiveCfg = Debug|Any CPU
		{C9B88089-4BE7-451A-AB70-317749848178}.Release|Any CPU.ActiveCfg = Release|Any CPU
		{C9B88089-4BE7-451A-AB70-317749848178}.Release|Any CPU.Build.0 = Release|Any CPU
		{C9B88089-4BE7-451A-AB70-317749848178}.Release|ARM.ActiveCfg = Release|Any CPU
		{C9B88089-4BE7-451A-AB70-317749848178}.Release|x64.ActiveCfg = Release|Any CPU
		{C9B88089-4BE7-451A-AB70-317749848178}.Release|x86.ActiveCfg = Release|Any CPU
		{116EDBFC-47ED-416F-9B79-62091F409DBE}.Debug|Any CPU.ActiveCfg = Debug|Any CPU
		{116EDBFC-47ED-416F-9B79-62091F409DBE}.Debug|Any CPU.Build.0 = Debug|Any CPU
		{116EDBFC-47ED-416F-9B79-62091F409DBE}.Debug|ARM.ActiveCfg = Debug|Any CPU
		{116EDBFC-47ED-416F-9B79-62091F409DBE}.Debug|x64.ActiveCfg = Debug|Any CPU
		{116EDBFC-47ED-416F-9B79-62091F409DBE}.Debug|x86.ActiveCfg = Debug|Any CPU
		{116EDBFC-47ED-416F-9B79-62091F409DBE}.Release|Any CPU.ActiveCfg = Release|Any CPU
		{116EDBFC-47ED-416F-9B79-62091F409DBE}.Release|Any CPU.Build.0 = Release|Any CPU
		{116EDBFC-47ED-416F-9B79-62091F409DBE}.Release|ARM.ActiveCfg = Release|Any CPU
		{116EDBFC-47ED-416F-9B79-62091F409DBE}.Release|x64.ActiveCfg = Release|Any CPU
		{116EDBFC-47ED-416F-9B79-62091F409DBE}.Release|x86.ActiveCfg = Release|Any CPU
		{FE101259-7AD2-46BE-BBCF-BFA5036C54E0}.Debug|Any CPU.ActiveCfg = Debug|Any CPU
		{FE101259-7AD2-46BE-BBCF-BFA5036C54E0}.Debug|Any CPU.Build.0 = Debug|Any CPU
		{FE101259-7AD2-46BE-BBCF-BFA5036C54E0}.Debug|ARM.ActiveCfg = Debug|Any CPU
		{FE101259-7AD2-46BE-BBCF-BFA5036C54E0}.Debug|x64.ActiveCfg = Debug|Any CPU
		{FE101259-7AD2-46BE-BBCF-BFA5036C54E0}.Debug|x86.ActiveCfg = Debug|Any CPU
		{FE101259-7AD2-46BE-BBCF-BFA5036C54E0}.Release|Any CPU.ActiveCfg = Release|Any CPU
		{FE101259-7AD2-46BE-BBCF-BFA5036C54E0}.Release|Any CPU.Build.0 = Release|Any CPU
		{FE101259-7AD2-46BE-BBCF-BFA5036C54E0}.Release|ARM.ActiveCfg = Release|Any CPU
		{FE101259-7AD2-46BE-BBCF-BFA5036C54E0}.Release|x64.ActiveCfg = Release|Any CPU
		{FE101259-7AD2-46BE-BBCF-BFA5036C54E0}.Release|x86.ActiveCfg = Release|Any CPU
		{F1399938-0C11-4891-9134-ADFE6063692A}.Debug|Any CPU.ActiveCfg = Debug|Any CPU
		{F1399938-0C11-4891-9134-ADFE6063692A}.Debug|Any CPU.Build.0 = Debug|Any CPU
		{F1399938-0C11-4891-9134-ADFE6063692A}.Debug|ARM.ActiveCfg = Debug|Any CPU
		{F1399938-0C11-4891-9134-ADFE6063692A}.Debug|x64.ActiveCfg = Debug|Any CPU
		{F1399938-0C11-4891-9134-ADFE6063692A}.Debug|x86.ActiveCfg = Debug|Any CPU
		{F1399938-0C11-4891-9134-ADFE6063692A}.Release|Any CPU.ActiveCfg = Release|Any CPU
		{F1399938-0C11-4891-9134-ADFE6063692A}.Release|Any CPU.Build.0 = Release|Any CPU
		{F1399938-0C11-4891-9134-ADFE6063692A}.Release|ARM.ActiveCfg = Release|Any CPU
		{F1399938-0C11-4891-9134-ADFE6063692A}.Release|x64.ActiveCfg = Release|Any CPU
		{F1399938-0C11-4891-9134-ADFE6063692A}.Release|x86.ActiveCfg = Release|Any CPU
		{E8DD1C07-6804-49AC-BA7C-0D00675B5ECE}.Debug|Any CPU.ActiveCfg = Debug|Any CPU
		{E8DD1C07-6804-49AC-BA7C-0D00675B5ECE}.Debug|Any CPU.Build.0 = Debug|Any CPU
		{E8DD1C07-6804-49AC-BA7C-0D00675B5ECE}.Debug|ARM.ActiveCfg = Debug|Any CPU
		{E8DD1C07-6804-49AC-BA7C-0D00675B5ECE}.Debug|x64.ActiveCfg = Debug|Any CPU
		{E8DD1C07-6804-49AC-BA7C-0D00675B5ECE}.Debug|x86.ActiveCfg = Debug|Any CPU
		{E8DD1C07-6804-49AC-BA7C-0D00675B5ECE}.Release|Any CPU.ActiveCfg = Release|Any CPU
		{E8DD1C07-6804-49AC-BA7C-0D00675B5ECE}.Release|Any CPU.Build.0 = Release|Any CPU
		{E8DD1C07-6804-49AC-BA7C-0D00675B5ECE}.Release|ARM.ActiveCfg = Release|Any CPU
		{E8DD1C07-6804-49AC-BA7C-0D00675B5ECE}.Release|x64.ActiveCfg = Release|Any CPU
		{E8DD1C07-6804-49AC-BA7C-0D00675B5ECE}.Release|x86.ActiveCfg = Release|Any CPU
		{D9201BB3-DF3A-46AA-B0EC-8DC87966905C}.Debug|Any CPU.ActiveCfg = Debug|Any CPU
		{D9201BB3-DF3A-46AA-B0EC-8DC87966905C}.Debug|Any CPU.Build.0 = Debug|Any CPU
		{D9201BB3-DF3A-46AA-B0EC-8DC87966905C}.Debug|ARM.ActiveCfg = Debug|Any CPU
		{D9201BB3-DF3A-46AA-B0EC-8DC87966905C}.Debug|x64.ActiveCfg = Debug|Any CPU
		{D9201BB3-DF3A-46AA-B0EC-8DC87966905C}.Debug|x86.ActiveCfg = Debug|Any CPU
		{D9201BB3-DF3A-46AA-B0EC-8DC87966905C}.Release|Any CPU.ActiveCfg = Release|Any CPU
		{D9201BB3-DF3A-46AA-B0EC-8DC87966905C}.Release|Any CPU.Build.0 = Release|Any CPU
		{D9201BB3-DF3A-46AA-B0EC-8DC87966905C}.Release|ARM.ActiveCfg = Release|Any CPU
		{D9201BB3-DF3A-46AA-B0EC-8DC87966905C}.Release|x64.ActiveCfg = Release|Any CPU
		{D9201BB3-DF3A-46AA-B0EC-8DC87966905C}.Release|x86.ActiveCfg = Release|Any CPU
		{548CBDFA-684A-4E09-AC31-16D76D271B27}.Debug|Any CPU.ActiveCfg = Debug|Any CPU
		{548CBDFA-684A-4E09-AC31-16D76D271B27}.Debug|Any CPU.Build.0 = Debug|Any CPU
		{548CBDFA-684A-4E09-AC31-16D76D271B27}.Debug|ARM.ActiveCfg = Debug|Any CPU
		{548CBDFA-684A-4E09-AC31-16D76D271B27}.Debug|x64.ActiveCfg = Debug|Any CPU
		{548CBDFA-684A-4E09-AC31-16D76D271B27}.Debug|x86.ActiveCfg = Debug|Any CPU
		{548CBDFA-684A-4E09-AC31-16D76D271B27}.Release|Any CPU.ActiveCfg = Release|Any CPU
		{548CBDFA-684A-4E09-AC31-16D76D271B27}.Release|Any CPU.Build.0 = Release|Any CPU
		{548CBDFA-684A-4E09-AC31-16D76D271B27}.Release|ARM.ActiveCfg = Release|Any CPU
		{548CBDFA-684A-4E09-AC31-16D76D271B27}.Release|x64.ActiveCfg = Release|Any CPU
		{548CBDFA-684A-4E09-AC31-16D76D271B27}.Release|x86.ActiveCfg = Release|Any CPU
		{72B011FC-A41D-4B15-BD9F-164A370797F9}.Debug|Any CPU.ActiveCfg = Debug|Any CPU
		{72B011FC-A41D-4B15-BD9F-164A370797F9}.Debug|Any CPU.Build.0 = Debug|Any CPU
		{72B011FC-A41D-4B15-BD9F-164A370797F9}.Debug|ARM.ActiveCfg = Debug|Any CPU
		{72B011FC-A41D-4B15-BD9F-164A370797F9}.Debug|x64.ActiveCfg = Debug|Any CPU
		{72B011FC-A41D-4B15-BD9F-164A370797F9}.Debug|x86.ActiveCfg = Debug|Any CPU
		{72B011FC-A41D-4B15-BD9F-164A370797F9}.Release|Any CPU.ActiveCfg = Release|Any CPU
		{72B011FC-A41D-4B15-BD9F-164A370797F9}.Release|Any CPU.Build.0 = Release|Any CPU
		{72B011FC-A41D-4B15-BD9F-164A370797F9}.Release|ARM.ActiveCfg = Release|Any CPU
		{72B011FC-A41D-4B15-BD9F-164A370797F9}.Release|x64.ActiveCfg = Release|Any CPU
		{72B011FC-A41D-4B15-BD9F-164A370797F9}.Release|x86.ActiveCfg = Release|Any CPU
		{91C8D6CC-ED84-4582-9B63-3FF06B6BC1BA}.Debug|Any CPU.ActiveCfg = Debug|Any CPU
		{91C8D6CC-ED84-4582-9B63-3FF06B6BC1BA}.Debug|Any CPU.Build.0 = Debug|Any CPU
		{91C8D6CC-ED84-4582-9B63-3FF06B6BC1BA}.Debug|ARM.ActiveCfg = Debug|Any CPU
		{91C8D6CC-ED84-4582-9B63-3FF06B6BC1BA}.Debug|x64.ActiveCfg = Debug|Any CPU
		{91C8D6CC-ED84-4582-9B63-3FF06B6BC1BA}.Debug|x86.ActiveCfg = Debug|Any CPU
		{91C8D6CC-ED84-4582-9B63-3FF06B6BC1BA}.Release|Any CPU.ActiveCfg = Release|Any CPU
		{91C8D6CC-ED84-4582-9B63-3FF06B6BC1BA}.Release|Any CPU.Build.0 = Release|Any CPU
		{91C8D6CC-ED84-4582-9B63-3FF06B6BC1BA}.Release|ARM.ActiveCfg = Release|Any CPU
		{91C8D6CC-ED84-4582-9B63-3FF06B6BC1BA}.Release|x64.ActiveCfg = Release|Any CPU
		{91C8D6CC-ED84-4582-9B63-3FF06B6BC1BA}.Release|x86.ActiveCfg = Release|Any CPU
		{C067AFE6-231A-4B00-873E-D3CE9EC8B189}.Debug|Any CPU.ActiveCfg = Debug|Any CPU
		{C067AFE6-231A-4B00-873E-D3CE9EC8B189}.Debug|Any CPU.Build.0 = Debug|Any CPU
		{C067AFE6-231A-4B00-873E-D3CE9EC8B189}.Debug|ARM.ActiveCfg = Debug|Any CPU
		{C067AFE6-231A-4B00-873E-D3CE9EC8B189}.Debug|x64.ActiveCfg = Debug|Any CPU
		{C067AFE6-231A-4B00-873E-D3CE9EC8B189}.Debug|x86.ActiveCfg = Debug|Any CPU
		{C067AFE6-231A-4B00-873E-D3CE9EC8B189}.Release|Any CPU.ActiveCfg = Release|Any CPU
		{C067AFE6-231A-4B00-873E-D3CE9EC8B189}.Release|Any CPU.Build.0 = Release|Any CPU
		{C067AFE6-231A-4B00-873E-D3CE9EC8B189}.Release|ARM.ActiveCfg = Release|Any CPU
		{C067AFE6-231A-4B00-873E-D3CE9EC8B189}.Release|x64.ActiveCfg = Release|Any CPU
		{C067AFE6-231A-4B00-873E-D3CE9EC8B189}.Release|x86.ActiveCfg = Release|Any CPU
		{3294719C-3184-4699-BB04-BBD830EDDA66}.Debug|Any CPU.ActiveCfg = Debug|Any CPU
		{3294719C-3184-4699-BB04-BBD830EDDA66}.Debug|Any CPU.Build.0 = Debug|Any CPU
		{3294719C-3184-4699-BB04-BBD830EDDA66}.Debug|ARM.ActiveCfg = Debug|Any CPU
		{3294719C-3184-4699-BB04-BBD830EDDA66}.Debug|x64.ActiveCfg = Debug|Any CPU
		{3294719C-3184-4699-BB04-BBD830EDDA66}.Debug|x86.ActiveCfg = Debug|Any CPU
		{3294719C-3184-4699-BB04-BBD830EDDA66}.Release|Any CPU.ActiveCfg = Release|Any CPU
		{3294719C-3184-4699-BB04-BBD830EDDA66}.Release|Any CPU.Build.0 = Release|Any CPU
		{3294719C-3184-4699-BB04-BBD830EDDA66}.Release|ARM.ActiveCfg = Release|Any CPU
		{3294719C-3184-4699-BB04-BBD830EDDA66}.Release|x64.ActiveCfg = Release|Any CPU
		{3294719C-3184-4699-BB04-BBD830EDDA66}.Release|x86.ActiveCfg = Release|Any CPU
		{4FB802EF-A9E8-4D47-97DD-D487E3FA2ACD}.Debug|Any CPU.ActiveCfg = Debug|Any CPU
		{4FB802EF-A9E8-4D47-97DD-D487E3FA2ACD}.Debug|Any CPU.Build.0 = Debug|Any CPU
		{4FB802EF-A9E8-4D47-97DD-D487E3FA2ACD}.Debug|ARM.ActiveCfg = Debug|Any CPU
		{4FB802EF-A9E8-4D47-97DD-D487E3FA2ACD}.Debug|x64.ActiveCfg = Debug|Any CPU
		{4FB802EF-A9E8-4D47-97DD-D487E3FA2ACD}.Debug|x86.ActiveCfg = Debug|Any CPU
		{4FB802EF-A9E8-4D47-97DD-D487E3FA2ACD}.Release|Any CPU.ActiveCfg = Release|Any CPU
		{4FB802EF-A9E8-4D47-97DD-D487E3FA2ACD}.Release|Any CPU.Build.0 = Release|Any CPU
		{4FB802EF-A9E8-4D47-97DD-D487E3FA2ACD}.Release|ARM.ActiveCfg = Release|Any CPU
		{4FB802EF-A9E8-4D47-97DD-D487E3FA2ACD}.Release|x64.ActiveCfg = Release|Any CPU
		{4FB802EF-A9E8-4D47-97DD-D487E3FA2ACD}.Release|x86.ActiveCfg = Release|Any CPU
		{7D198179-9115-445F-BA40-189137122B8F}.Debug|Any CPU.ActiveCfg = Debug|Any CPU
		{7D198179-9115-445F-BA40-189137122B8F}.Debug|Any CPU.Build.0 = Debug|Any CPU
		{7D198179-9115-445F-BA40-189137122B8F}.Debug|ARM.ActiveCfg = Debug|Any CPU
		{7D198179-9115-445F-BA40-189137122B8F}.Debug|ARM.Build.0 = Debug|Any CPU
		{7D198179-9115-445F-BA40-189137122B8F}.Debug|x64.ActiveCfg = Debug|Any CPU
		{7D198179-9115-445F-BA40-189137122B8F}.Debug|x64.Build.0 = Debug|Any CPU
		{7D198179-9115-445F-BA40-189137122B8F}.Debug|x86.ActiveCfg = Debug|Any CPU
		{7D198179-9115-445F-BA40-189137122B8F}.Debug|x86.Build.0 = Debug|Any CPU
		{7D198179-9115-445F-BA40-189137122B8F}.Release|Any CPU.ActiveCfg = Release|Any CPU
		{7D198179-9115-445F-BA40-189137122B8F}.Release|Any CPU.Build.0 = Release|Any CPU
		{7D198179-9115-445F-BA40-189137122B8F}.Release|ARM.ActiveCfg = Release|Any CPU
		{7D198179-9115-445F-BA40-189137122B8F}.Release|ARM.Build.0 = Release|Any CPU
		{7D198179-9115-445F-BA40-189137122B8F}.Release|x64.ActiveCfg = Release|Any CPU
		{7D198179-9115-445F-BA40-189137122B8F}.Release|x64.Build.0 = Release|Any CPU
		{7D198179-9115-445F-BA40-189137122B8F}.Release|x86.ActiveCfg = Release|Any CPU
		{7D198179-9115-445F-BA40-189137122B8F}.Release|x86.Build.0 = Release|Any CPU
		{BA1CB555-2D93-444D-8B0F-B3D30052B2D1}.Debug|Any CPU.ActiveCfg = Debug|Any CPU
		{BA1CB555-2D93-444D-8B0F-B3D30052B2D1}.Debug|Any CPU.Build.0 = Debug|Any CPU
		{BA1CB555-2D93-444D-8B0F-B3D30052B2D1}.Debug|ARM.ActiveCfg = Debug|Any CPU
		{BA1CB555-2D93-444D-8B0F-B3D30052B2D1}.Debug|ARM.Build.0 = Debug|Any CPU
		{BA1CB555-2D93-444D-8B0F-B3D30052B2D1}.Debug|x64.ActiveCfg = Debug|Any CPU
		{BA1CB555-2D93-444D-8B0F-B3D30052B2D1}.Debug|x64.Build.0 = Debug|Any CPU
		{BA1CB555-2D93-444D-8B0F-B3D30052B2D1}.Debug|x86.ActiveCfg = Debug|Any CPU
		{BA1CB555-2D93-444D-8B0F-B3D30052B2D1}.Debug|x86.Build.0 = Debug|Any CPU
		{BA1CB555-2D93-444D-8B0F-B3D30052B2D1}.Release|Any CPU.ActiveCfg = Release|Any CPU
		{BA1CB555-2D93-444D-8B0F-B3D30052B2D1}.Release|Any CPU.Build.0 = Release|Any CPU
		{BA1CB555-2D93-444D-8B0F-B3D30052B2D1}.Release|ARM.ActiveCfg = Release|Any CPU
		{BA1CB555-2D93-444D-8B0F-B3D30052B2D1}.Release|ARM.Build.0 = Release|Any CPU
		{BA1CB555-2D93-444D-8B0F-B3D30052B2D1}.Release|x64.ActiveCfg = Release|Any CPU
		{BA1CB555-2D93-444D-8B0F-B3D30052B2D1}.Release|x64.Build.0 = Release|Any CPU
		{BA1CB555-2D93-444D-8B0F-B3D30052B2D1}.Release|x86.ActiveCfg = Release|Any CPU
		{BA1CB555-2D93-444D-8B0F-B3D30052B2D1}.Release|x86.Build.0 = Release|Any CPU
		{1B595967-4770-4CF1-98C6-7FDC0E550083}.Debug|Any CPU.ActiveCfg = Debug|Any CPU
		{1B595967-4770-4CF1-98C6-7FDC0E550083}.Debug|Any CPU.Build.0 = Debug|Any CPU
		{1B595967-4770-4CF1-98C6-7FDC0E550083}.Debug|ARM.ActiveCfg = Debug|Any CPU
		{1B595967-4770-4CF1-98C6-7FDC0E550083}.Debug|ARM.Build.0 = Debug|Any CPU
		{1B595967-4770-4CF1-98C6-7FDC0E550083}.Debug|x64.ActiveCfg = Debug|Any CPU
		{1B595967-4770-4CF1-98C6-7FDC0E550083}.Debug|x64.Build.0 = Debug|Any CPU
		{1B595967-4770-4CF1-98C6-7FDC0E550083}.Debug|x86.ActiveCfg = Debug|Any CPU
		{1B595967-4770-4CF1-98C6-7FDC0E550083}.Debug|x86.Build.0 = Debug|Any CPU
		{1B595967-4770-4CF1-98C6-7FDC0E550083}.Release|Any CPU.ActiveCfg = Release|Any CPU
		{1B595967-4770-4CF1-98C6-7FDC0E550083}.Release|Any CPU.Build.0 = Release|Any CPU
		{1B595967-4770-4CF1-98C6-7FDC0E550083}.Release|ARM.ActiveCfg = Release|Any CPU
		{1B595967-4770-4CF1-98C6-7FDC0E550083}.Release|ARM.Build.0 = Release|Any CPU
		{1B595967-4770-4CF1-98C6-7FDC0E550083}.Release|x64.ActiveCfg = Release|Any CPU
		{1B595967-4770-4CF1-98C6-7FDC0E550083}.Release|x64.Build.0 = Release|Any CPU
		{1B595967-4770-4CF1-98C6-7FDC0E550083}.Release|x86.ActiveCfg = Release|Any CPU
		{1B595967-4770-4CF1-98C6-7FDC0E550083}.Release|x86.Build.0 = Release|Any CPU
		{5AFDB80E-08AE-4BC9-A39A-B98B72F0A73F}.Debug|Any CPU.ActiveCfg = Debug|Any CPU
		{5AFDB80E-08AE-4BC9-A39A-B98B72F0A73F}.Debug|Any CPU.Build.0 = Debug|Any CPU
		{5AFDB80E-08AE-4BC9-A39A-B98B72F0A73F}.Debug|ARM.ActiveCfg = Debug|Any CPU
		{5AFDB80E-08AE-4BC9-A39A-B98B72F0A73F}.Debug|ARM.Build.0 = Debug|Any CPU
		{5AFDB80E-08AE-4BC9-A39A-B98B72F0A73F}.Debug|x64.ActiveCfg = Debug|Any CPU
		{5AFDB80E-08AE-4BC9-A39A-B98B72F0A73F}.Debug|x64.Build.0 = Debug|Any CPU
		{5AFDB80E-08AE-4BC9-A39A-B98B72F0A73F}.Debug|x86.ActiveCfg = Debug|Any CPU
		{5AFDB80E-08AE-4BC9-A39A-B98B72F0A73F}.Debug|x86.Build.0 = Debug|Any CPU
		{5AFDB80E-08AE-4BC9-A39A-B98B72F0A73F}.Release|Any CPU.ActiveCfg = Release|Any CPU
		{5AFDB80E-08AE-4BC9-A39A-B98B72F0A73F}.Release|Any CPU.Build.0 = Release|Any CPU
		{5AFDB80E-08AE-4BC9-A39A-B98B72F0A73F}.Release|ARM.ActiveCfg = Release|Any CPU
		{5AFDB80E-08AE-4BC9-A39A-B98B72F0A73F}.Release|ARM.Build.0 = Release|Any CPU
		{5AFDB80E-08AE-4BC9-A39A-B98B72F0A73F}.Release|x64.ActiveCfg = Release|Any CPU
		{5AFDB80E-08AE-4BC9-A39A-B98B72F0A73F}.Release|x64.Build.0 = Release|Any CPU
		{5AFDB80E-08AE-4BC9-A39A-B98B72F0A73F}.Release|x86.ActiveCfg = Release|Any CPU
		{5AFDB80E-08AE-4BC9-A39A-B98B72F0A73F}.Release|x86.Build.0 = Release|Any CPU
		{267AEB8B-04D4-4600-944A-62F884906B2B}.Debug|Any CPU.ActiveCfg = Debug|Any CPU
		{267AEB8B-04D4-4600-944A-62F884906B2B}.Debug|Any CPU.Build.0 = Debug|Any CPU
		{267AEB8B-04D4-4600-944A-62F884906B2B}.Debug|ARM.ActiveCfg = Debug|Any CPU
		{267AEB8B-04D4-4600-944A-62F884906B2B}.Debug|ARM.Build.0 = Debug|Any CPU
		{267AEB8B-04D4-4600-944A-62F884906B2B}.Debug|x64.ActiveCfg = Debug|Any CPU
		{267AEB8B-04D4-4600-944A-62F884906B2B}.Debug|x64.Build.0 = Debug|Any CPU
		{267AEB8B-04D4-4600-944A-62F884906B2B}.Debug|x86.ActiveCfg = Debug|Any CPU
		{267AEB8B-04D4-4600-944A-62F884906B2B}.Debug|x86.Build.0 = Debug|Any CPU
		{267AEB8B-04D4-4600-944A-62F884906B2B}.Release|Any CPU.ActiveCfg = Release|Any CPU
		{267AEB8B-04D4-4600-944A-62F884906B2B}.Release|Any CPU.Build.0 = Release|Any CPU
		{267AEB8B-04D4-4600-944A-62F884906B2B}.Release|ARM.ActiveCfg = Release|Any CPU
		{267AEB8B-04D4-4600-944A-62F884906B2B}.Release|ARM.Build.0 = Release|Any CPU
		{267AEB8B-04D4-4600-944A-62F884906B2B}.Release|x64.ActiveCfg = Release|Any CPU
		{267AEB8B-04D4-4600-944A-62F884906B2B}.Release|x64.Build.0 = Release|Any CPU
		{267AEB8B-04D4-4600-944A-62F884906B2B}.Release|x86.ActiveCfg = Release|Any CPU
		{267AEB8B-04D4-4600-944A-62F884906B2B}.Release|x86.Build.0 = Release|Any CPU
		{A434F05E-0921-48A6-9551-17BC80129633}.Debug|Any CPU.ActiveCfg = Debug|Any CPU
		{A434F05E-0921-48A6-9551-17BC80129633}.Debug|Any CPU.Build.0 = Debug|Any CPU
		{A434F05E-0921-48A6-9551-17BC80129633}.Debug|ARM.ActiveCfg = Debug|Any CPU
		{A434F05E-0921-48A6-9551-17BC80129633}.Debug|ARM.Build.0 = Debug|Any CPU
		{A434F05E-0921-48A6-9551-17BC80129633}.Debug|x64.ActiveCfg = Debug|Any CPU
		{A434F05E-0921-48A6-9551-17BC80129633}.Debug|x64.Build.0 = Debug|Any CPU
		{A434F05E-0921-48A6-9551-17BC80129633}.Debug|x86.ActiveCfg = Debug|Any CPU
		{A434F05E-0921-48A6-9551-17BC80129633}.Debug|x86.Build.0 = Debug|Any CPU
		{A434F05E-0921-48A6-9551-17BC80129633}.Release|Any CPU.ActiveCfg = Release|Any CPU
		{A434F05E-0921-48A6-9551-17BC80129633}.Release|Any CPU.Build.0 = Release|Any CPU
		{A434F05E-0921-48A6-9551-17BC80129633}.Release|ARM.ActiveCfg = Release|Any CPU
		{A434F05E-0921-48A6-9551-17BC80129633}.Release|ARM.Build.0 = Release|Any CPU
		{A434F05E-0921-48A6-9551-17BC80129633}.Release|x64.ActiveCfg = Release|Any CPU
		{A434F05E-0921-48A6-9551-17BC80129633}.Release|x64.Build.0 = Release|Any CPU
		{A434F05E-0921-48A6-9551-17BC80129633}.Release|x86.ActiveCfg = Release|Any CPU
		{A434F05E-0921-48A6-9551-17BC80129633}.Release|x86.Build.0 = Release|Any CPU
		{3372170D-5655-45DF-9BD2-188593C1B814}.Debug|Any CPU.ActiveCfg = Debug|Any CPU
		{3372170D-5655-45DF-9BD2-188593C1B814}.Debug|Any CPU.Build.0 = Debug|Any CPU
		{3372170D-5655-45DF-9BD2-188593C1B814}.Debug|ARM.ActiveCfg = Debug|Any CPU
		{3372170D-5655-45DF-9BD2-188593C1B814}.Debug|ARM.Build.0 = Debug|Any CPU
		{3372170D-5655-45DF-9BD2-188593C1B814}.Debug|x64.ActiveCfg = Debug|Any CPU
		{3372170D-5655-45DF-9BD2-188593C1B814}.Debug|x64.Build.0 = Debug|Any CPU
		{3372170D-5655-45DF-9BD2-188593C1B814}.Debug|x86.ActiveCfg = Debug|Any CPU
		{3372170D-5655-45DF-9BD2-188593C1B814}.Debug|x86.Build.0 = Debug|Any CPU
		{3372170D-5655-45DF-9BD2-188593C1B814}.Release|Any CPU.ActiveCfg = Release|Any CPU
		{3372170D-5655-45DF-9BD2-188593C1B814}.Release|Any CPU.Build.0 = Release|Any CPU
		{3372170D-5655-45DF-9BD2-188593C1B814}.Release|ARM.ActiveCfg = Release|Any CPU
		{3372170D-5655-45DF-9BD2-188593C1B814}.Release|ARM.Build.0 = Release|Any CPU
		{3372170D-5655-45DF-9BD2-188593C1B814}.Release|x64.ActiveCfg = Release|Any CPU
		{3372170D-5655-45DF-9BD2-188593C1B814}.Release|x64.Build.0 = Release|Any CPU
		{3372170D-5655-45DF-9BD2-188593C1B814}.Release|x86.ActiveCfg = Release|Any CPU
		{3372170D-5655-45DF-9BD2-188593C1B814}.Release|x86.Build.0 = Release|Any CPU
		{3E1C002D-AAC5-40C2-BAFC-64EE767E38AB}.Debug|Any CPU.ActiveCfg = Debug|Any CPU
		{3E1C002D-AAC5-40C2-BAFC-64EE767E38AB}.Debug|Any CPU.Build.0 = Debug|Any CPU
		{3E1C002D-AAC5-40C2-BAFC-64EE767E38AB}.Debug|ARM.ActiveCfg = Debug|Any CPU
		{3E1C002D-AAC5-40C2-BAFC-64EE767E38AB}.Debug|ARM.Build.0 = Debug|Any CPU
		{3E1C002D-AAC5-40C2-BAFC-64EE767E38AB}.Debug|x64.ActiveCfg = Debug|Any CPU
		{3E1C002D-AAC5-40C2-BAFC-64EE767E38AB}.Debug|x64.Build.0 = Debug|Any CPU
		{3E1C002D-AAC5-40C2-BAFC-64EE767E38AB}.Debug|x86.ActiveCfg = Debug|Any CPU
		{3E1C002D-AAC5-40C2-BAFC-64EE767E38AB}.Debug|x86.Build.0 = Debug|Any CPU
		{3E1C002D-AAC5-40C2-BAFC-64EE767E38AB}.Release|Any CPU.ActiveCfg = Release|Any CPU
		{3E1C002D-AAC5-40C2-BAFC-64EE767E38AB}.Release|Any CPU.Build.0 = Release|Any CPU
		{3E1C002D-AAC5-40C2-BAFC-64EE767E38AB}.Release|ARM.ActiveCfg = Release|Any CPU
		{3E1C002D-AAC5-40C2-BAFC-64EE767E38AB}.Release|ARM.Build.0 = Release|Any CPU
		{3E1C002D-AAC5-40C2-BAFC-64EE767E38AB}.Release|x64.ActiveCfg = Release|Any CPU
		{3E1C002D-AAC5-40C2-BAFC-64EE767E38AB}.Release|x64.Build.0 = Release|Any CPU
		{3E1C002D-AAC5-40C2-BAFC-64EE767E38AB}.Release|x86.ActiveCfg = Release|Any CPU
		{3E1C002D-AAC5-40C2-BAFC-64EE767E38AB}.Release|x86.Build.0 = Release|Any CPU
		{34153654-A4B4-4EB5-A666-6F9BEB0C1778}.Debug|Any CPU.ActiveCfg = Debug|Any CPU
		{34153654-A4B4-4EB5-A666-6F9BEB0C1778}.Debug|Any CPU.Build.0 = Debug|Any CPU
		{34153654-A4B4-4EB5-A666-6F9BEB0C1778}.Debug|ARM.ActiveCfg = Debug|Any CPU
		{34153654-A4B4-4EB5-A666-6F9BEB0C1778}.Debug|ARM.Build.0 = Debug|Any CPU
		{34153654-A4B4-4EB5-A666-6F9BEB0C1778}.Debug|x64.ActiveCfg = Debug|Any CPU
		{34153654-A4B4-4EB5-A666-6F9BEB0C1778}.Debug|x64.Build.0 = Debug|Any CPU
		{34153654-A4B4-4EB5-A666-6F9BEB0C1778}.Debug|x86.ActiveCfg = Debug|Any CPU
		{34153654-A4B4-4EB5-A666-6F9BEB0C1778}.Debug|x86.Build.0 = Debug|Any CPU
		{34153654-A4B4-4EB5-A666-6F9BEB0C1778}.Release|Any CPU.ActiveCfg = Release|Any CPU
		{34153654-A4B4-4EB5-A666-6F9BEB0C1778}.Release|Any CPU.Build.0 = Release|Any CPU
		{34153654-A4B4-4EB5-A666-6F9BEB0C1778}.Release|ARM.ActiveCfg = Release|Any CPU
		{34153654-A4B4-4EB5-A666-6F9BEB0C1778}.Release|ARM.Build.0 = Release|Any CPU
		{34153654-A4B4-4EB5-A666-6F9BEB0C1778}.Release|x64.ActiveCfg = Release|Any CPU
		{34153654-A4B4-4EB5-A666-6F9BEB0C1778}.Release|x64.Build.0 = Release|Any CPU
		{34153654-A4B4-4EB5-A666-6F9BEB0C1778}.Release|x86.ActiveCfg = Release|Any CPU
		{34153654-A4B4-4EB5-A666-6F9BEB0C1778}.Release|x86.Build.0 = Release|Any CPU
		{F139EF50-9924-44F8-953A-6ED676F48A34}.Debug|Any CPU.ActiveCfg = Debug|Any CPU
		{F139EF50-9924-44F8-953A-6ED676F48A34}.Debug|Any CPU.Build.0 = Debug|Any CPU
		{F139EF50-9924-44F8-953A-6ED676F48A34}.Debug|ARM.ActiveCfg = Debug|Any CPU
		{F139EF50-9924-44F8-953A-6ED676F48A34}.Debug|ARM.Build.0 = Debug|Any CPU
		{F139EF50-9924-44F8-953A-6ED676F48A34}.Debug|x64.ActiveCfg = Debug|Any CPU
		{F139EF50-9924-44F8-953A-6ED676F48A34}.Debug|x64.Build.0 = Debug|Any CPU
		{F139EF50-9924-44F8-953A-6ED676F48A34}.Debug|x86.ActiveCfg = Debug|Any CPU
		{F139EF50-9924-44F8-953A-6ED676F48A34}.Debug|x86.Build.0 = Debug|Any CPU
		{F139EF50-9924-44F8-953A-6ED676F48A34}.Release|Any CPU.ActiveCfg = Release|Any CPU
		{F139EF50-9924-44F8-953A-6ED676F48A34}.Release|Any CPU.Build.0 = Release|Any CPU
		{F139EF50-9924-44F8-953A-6ED676F48A34}.Release|ARM.ActiveCfg = Release|Any CPU
		{F139EF50-9924-44F8-953A-6ED676F48A34}.Release|ARM.Build.0 = Release|Any CPU
		{F139EF50-9924-44F8-953A-6ED676F48A34}.Release|x64.ActiveCfg = Release|Any CPU
		{F139EF50-9924-44F8-953A-6ED676F48A34}.Release|x64.Build.0 = Release|Any CPU
		{F139EF50-9924-44F8-953A-6ED676F48A34}.Release|x86.ActiveCfg = Release|Any CPU
		{F139EF50-9924-44F8-953A-6ED676F48A34}.Release|x86.Build.0 = Release|Any CPU
	EndGlobalSection
	GlobalSection(SolutionProperties) = preSolution
		HideSolutionNode = FALSE
	EndGlobalSection
	GlobalSection(TeamFoundationVersionControl) = preSolution
		SccNumberOfProjects = 33
		SccEnterpriseProvider = {4CA58AB2-18FA-4F8D-95D4-32DDF27D184C}
		SccTeamFoundationServer = http://server:8080/tfs/reflection
		SccLocalPath0 = .
		SccProjectUniqueName1 = Reflection.Apps.Store\\Reflection.Apps.Store.csproj
		SccProjectName1 = Reflection.Apps.Store
		SccLocalPath1 = Reflection.Apps.Store
		SccProjectUniqueName2 = Reflection.BusinessEntity\\Reflection.BusinessEntity.csproj
		SccProjectName2 = Reflection.BusinessEntity
		SccLocalPath2 = Reflection.BusinessEntity
		SccProjectUniqueName3 = Reflection.Configuration\\Reflection.Configuration.csproj
		SccProjectName3 = Reflection.Configuration
		SccLocalPath3 = Reflection.Configuration
		SccProjectUniqueName4 = Reflection.Extensions.Windows\\Reflection.Extensions.Windows.csproj
		SccProjectName4 = Reflection.Extensions.Windows
		SccLocalPath4 = Reflection.Extensions.Windows
		SccProjectUniqueName5 = Reflection.Extensions\\Reflection.Extensions.csproj
		SccProjectName5 = Reflection.Extensions
		SccLocalPath5 = Reflection.Extensions
		SccProjectUniqueName6 = Reflection.Module.Project\\Reflection.Module.Project.csproj
		SccProjectName6 = Reflection.Module.Project
		SccLocalPath6 = Reflection.Module.Project
		SccProjectUniqueName7 = Reflection.Modules.Administration\\Reflection.Modules.Administration.csproj
		SccProjectName7 = Reflection.Modules.Administration
		SccLocalPath7 = Reflection.Modules.Administration
		SccProjectUniqueName8 = Reflection.Modules.BI\\Reflection.Modules.BI.csproj
		SccProjectName8 = Reflection.Modules.BI
		SccLocalPath8 = Reflection.Modules.BI
		SccProjectUniqueName9 = Reflection.Modules.CustomerRelation\\Reflection.Modules.CustomerRelation.csproj
		SccProjectName9 = Reflection.Modules.CustomerRelation
		SccLocalPath9 = Reflection.Modules.CustomerRelation
		SccProjectUniqueName10 = Reflection.Modules.Finance\\Reflection.Modules.Finance.csproj
		SccProjectName10 = Reflection.Modules.Finance
		SccLocalPath10 = Reflection.Modules.Finance
		SccProjectUniqueName11 = Reflection.Modules.HRMS\\Reflection.Modules.HRMS.csproj
		SccProjectName11 = Reflection.Modules.HRMS
		SccLocalPath11 = Reflection.Modules.HRMS
		SccProjectUniqueName12 = Reflection.Modules.Maintenance\\Reflection.Modules.Maintenance.csproj
		SccProjectName12 = Reflection.Modules.Maintenance
		SccLocalPath12 = Reflection.Modules.Maintenance
		SccProjectUniqueName13 = Reflection.Modules.Navigation\\Reflection.Modules.Navigation.csproj
		SccProjectName13 = Reflection.Modules.Navigation
		SccLocalPath13 = Reflection.Modules.Navigation
		SccProjectUniqueName14 = Reflection.Modules.Procurement\\Reflection.Modules.Procurement.csproj
		SccProjectName14 = Reflection.Modules.Procurement
		SccLocalPath14 = Reflection.Modules.Procurement
		SccProjectUniqueName15 = Reflection.Modules.Production\\Reflection.Modules.Production.csproj
		SccProjectName15 = Reflection.Modules.Production
		SccLocalPath15 = Reflection.Modules.Production
		SccProjectUniqueName16 = Reflection.Modules.QMS\\Reflection.Modules.QMS.csproj
		SccProjectName16 = Reflection.Modules.QMS
		SccLocalPath16 = Reflection.Modules.QMS
		SccProjectUniqueName17 = Reflection.Modules.RSystem\\Reflection.Modules.RSystem.csproj
		SccProjectName17 = Reflection.Modules.RSystem
		SccLocalPath17 = Reflection.Modules.RSystem
		SccProjectUniqueName18 = Reflection.Modules.SCM\\Reflection.Modules.SCM.csproj
		SccProjectName18 = Reflection.Modules.SCM
		SccLocalPath18 = Reflection.Modules.SCM
		SccProjectUniqueName19 = Reflection.Modules.Settings\\Reflection.Modules.Settings.csproj
		SccProjectName19 = Reflection.Modules.Settings
		SccLocalPath19 = Reflection.Modules.Settings
		SccProjectUniqueName20 = Reflection.Presentation.Common\\Reflection.Presentation.Common.csproj
		SccProjectName20 = Reflection.Presentation.Common
		SccLocalPath20 = Reflection.Presentation.Common
		SccProjectUniqueName21 = Reflection.Presentation.Controls\\Reflection.Presentation.Controls.csproj
		SccProjectName21 = Reflection.Presentation.Controls
		SccLocalPath21 = Reflection.Presentation.Controls
		SccProjectUniqueName22 = Reflection.Presentation.Core\\Reflection.Presentation.Core.csproj
		SccProjectName22 = Reflection.Presentation.Core
		SccLocalPath22 = Reflection.Presentation.Core
		SccProjectUniqueName23 = Reflection.Presentation.DragAndDrop\\Reflection.Presentation.DragAndDrop.csproj
		SccProjectName23 = Reflection.Presentation.DragAndDrop
		SccLocalPath23 = Reflection.Presentation.DragAndDrop
		SccProjectUniqueName24 = Reflection.Presentation.Services\\Reflection.Presentation.Services.csproj
		SccProjectName24 = Reflection.Presentation.Services
		SccLocalPath24 = Reflection.Presentation.Services
		SccProjectUniqueName25 = Reflection.Presentation.ViewModel\\Reflection.Presentation.ViewModel.csproj
		SccProjectName25 = Reflection.Presentation.ViewModel
		SccLocalPath25 = Reflection.Presentation.ViewModel
		SccProjectUniqueName26 = Reflection.Presentation.Widgets\\Reflection.Presentation.Widgets.csproj
		SccProjectName26 = Reflection.Presentation.Widgets
		SccLocalPath26 = Reflection.Presentation.Widgets
		SccProjectUniqueName27 = Reflection.Presentation.Windows\\Reflection.Presentation.Windows.csproj
		SccProjectName27 = Reflection.Presentation.Windows
		SccLocalPath27 = Reflection.Presentation.Windows
		SccProjectUniqueName28 = Reflection.ReportingServices\\Reflection.ReportingServices.csproj
		SccProjectName28 = Reflection.ReportingServices
		SccLocalPath28 = Reflection.ReportingServices
		SccProjectUniqueName29 = Reflection.Shell\\Reflection.Shell.csproj
		SccProjectName29 = Reflection.Shell
		SccLocalPath29 = Reflection.Shell
		SccProjectUniqueName30 = Reflection.WebServices.Gateway\\Reflection.WebServices.Gateway.csproj
		SccProjectName30 = Reflection.WebServices.Gateway
		SccLocalPath30 = Reflection.WebServices.Gateway
		SccProjectUniqueName31 = Reflection.Presentation.ResourcesData\\Reflection.Presentation.Resources.csproj
		SccProjectName31 = Reflection.Presentation.ResourcesData
		SccLocalPath31 = Reflection.Presentation.ResourcesData
		SccProjectUniqueName32 = Reflection.Modules.VMS\\Reflection.Modules.VMS.csproj
		SccProjectName32 = Reflection.Modules.VMS
		SccLocalPath32 = Reflection.Modules.VMS
	EndGlobalSection
EndGlobal
